
Microsoft Visual Studio Solution File, Format Version 12.00
# Visual Studio Version 16
VisualStudioVersion = 16.0.30104.148
MinimumVisualStudioVersion = 10.0.40219.1
Project("{9A19103F-16F7-4668-BE54-9A1E7A4F7556}") = "BoardWebApp", "BoardWebApp-EF\BoardWebApp.csproj", "{E036F007-B420-49C3-82FD-AD2460650C75}"
EndProject
Project("{FAE04EC0-301F-11D3-BF4B-00C04F79EFBC}") = "BoardWebApp-Tests", "BoardWebApp-Tests\BoardWebApp-Tests.csproj", "{4CA4E003-3BA9-4601-A250-F7054AC65404}"
EndProject
Global
	GlobalSection(SolutionConfigurationPlatforms) = preSolution
		Debug|Any CPU = Debug|Any CPU
		Release|Any CPU = Release|Any CPU
	EndGlobalSection
	GlobalSection(ProjectConfigurationPlatforms) = postSolution
		{E036F007-B420-49C3-82FD-AD2460650C75}.Debug|Any CPU.ActiveCfg = Debug|Any CPU
		{E036F007-B420-49C3-82FD-AD2460650C75}.Debug|Any CPU.Build.0 = Debug|Any CPU
		{E036F007-B420-49C3-82FD-AD2460650C75}.Release|Any CPU.ActiveCfg = Release|Any CPU
		{E036F007-B420-49C3-82FD-AD2460650C75}.Release|Any CPU.Build.0 = Release|Any CPU
		{4CA4E003-3BA9-4601-A250-F7054AC65404}.Debug|Any CPU.ActiveCfg = Debug|Any CPU
		{4CA4E003-3BA9-4601-A250-F7054AC65404}.Debug|Any CPU.Build.0 = Debug|Any CPU
		{4CA4E003-3BA9-4601-A250-F7054AC65404}.Release|Any CPU.ActiveCfg = Release|Any CPU
		{4CA4E003-3BA9-4601-A250-F7054AC65404}.Release|Any CPU.Build.0 = Release|Any CPU
	EndGlobalSection
	GlobalSection(SolutionProperties) = preSolution
		HideSolutionNode = FALSE
	EndGlobalSection
	GlobalSection(ExtensibilityGlobals) = postSolution
		SolutionGuid = {B7B7F3D6-0EE6-4721-A97D-59CFC3528DC3}
	EndGlobalSection
EndGlobal
