
Microsoft Visual Studio Solution File, Format Version 12.00
# Visual Studio 15
Project("{FAE04EC0-301F-11D3-BF4B-00C04F79EFBC}") = "BoardWebApp", "BoardWebApp\BoardWebApp.csproj", "{FAD6E059-04A1-4F9F-9891-2F71B752C099}"
EndProject
Global
	GlobalSection(SolutionConfigurationPlatforms) = preSolution
		Debug|Any CPU = Debug|Any CPU
		Release|Any CPU = Release|Any CPU
	EndGlobalSection
	GlobalSection(ProjectConfigurationPlatforms) = postSolution
		{FAD6E059-04A1-4F9F-9891-2F71B752C099}.Debug|Any CPU.ActiveCfg = Debug|Any CPU
		{FAD6E059-04A1-4F9F-9891-2F71B752C099}.Debug|Any CPU.Build.0 = Debug|Any CPU
		{FAD6E059-04A1-4F9F-9891-2F71B752C099}.Release|Any CPU.ActiveCfg = Release|Any CPU
		{FAD6E059-04A1-4F9F-9891-2F71B752C099}.Release|Any CPU.Build.0 = Release|Any CPU
	EndGlobalSection
EndGlobal
